
Microsoft Visual Studio Solution File, Format Version 12.00
# Visual Studio Version 16
VisualStudioVersion = 16.0.31729.503
MinimumVisualStudioVersion = 10.0.40219.1
Project("{2150E333-8FDC-42A3-9474-1A3956D46DE8}") = "NPP", "NPP", "{3424A06C-1786-433A-BD0F-7C02888ABCDB}"
EndProject
Project("{9A19103F-16F7-4668-BE54-9A1E7A4F7556}") = "DAL", "DAL\DAL.csproj", "{A82E9DFE-41FA-4E84-ACE7-7764D1331339}"
EndProject
Project("{9A19103F-16F7-4668-BE54-9A1E7A4F7556}") = "DAL.Tests", "DAL.Tests\DAL.Tests.csproj", "{50040CBE-9EC7-4DD5-85D6-CCEC8636ECF3}"
EndProject
Project("{FAE04EC0-301F-11D3-BF4B-00C04F79EFBC}") = "BLL", "BLL\BLL.csproj", "{B792DD59-B257-4DDF-A0BC-CFC357FE50F4}"
EndProject
Global
	GlobalSection(SolutionConfigurationPlatforms) = preSolution
		Debug|Any CPU = Debug|Any CPU
		Release|Any CPU = Release|Any CPU
	EndGlobalSection
	GlobalSection(ProjectConfigurationPlatforms) = postSolution
		{A82E9DFE-41FA-4E84-ACE7-7764D1331339}.Debug|Any CPU.ActiveCfg = Debug|Any CPU
		{A82E9DFE-41FA-4E84-ACE7-7764D1331339}.Debug|Any CPU.Build.0 = Debug|Any CPU
		{A82E9DFE-41FA-4E84-ACE7-7764D1331339}.Release|Any CPU.ActiveCfg = Release|Any CPU
		{A82E9DFE-41FA-4E84-ACE7-7764D1331339}.Release|Any CPU.Build.0 = Release|Any CPU
		{50040CBE-9EC7-4DD5-85D6-CCEC8636ECF3}.Debug|Any CPU.ActiveCfg = Debug|Any CPU
		{50040CBE-9EC7-4DD5-85D6-CCEC8636ECF3}.Debug|Any CPU.Build.0 = Debug|Any CPU
		{50040CBE-9EC7-4DD5-85D6-CCEC8636ECF3}.Release|Any CPU.ActiveCfg = Release|Any CPU
		{50040CBE-9EC7-4DD5-85D6-CCEC8636ECF3}.Release|Any CPU.Build.0 = Release|Any CPU
		{B792DD59-B257-4DDF-A0BC-CFC357FE50F4}.Debug|Any CPU.ActiveCfg = Debug|Any CPU
		{B792DD59-B257-4DDF-A0BC-CFC357FE50F4}.Debug|Any CPU.Build.0 = Debug|Any CPU
		{B792DD59-B257-4DDF-A0BC-CFC357FE50F4}.Release|Any CPU.ActiveCfg = Release|Any CPU
		{B792DD59-B257-4DDF-A0BC-CFC357FE50F4}.Release|Any CPU.Build.0 = Release|Any CPU
	EndGlobalSection
	GlobalSection(SolutionProperties) = preSolution
		HideSolutionNode = FALSE
	EndGlobalSection
	GlobalSection(NestedProjects) = preSolution
		{A82E9DFE-41FA-4E84-ACE7-7764D1331339} = {3424A06C-1786-433A-BD0F-7C02888ABCDB}
		{50040CBE-9EC7-4DD5-85D6-CCEC8636ECF3} = {3424A06C-1786-433A-BD0F-7C02888ABCDB}
		{B792DD59-B257-4DDF-A0BC-CFC357FE50F4} = {3424A06C-1786-433A-BD0F-7C02888ABCDB}
	EndGlobalSection
	GlobalSection(ExtensibilityGlobals) = postSolution
		SolutionGuid = {976330BD-4FFB-446D-9C5D-82E30ED81237}
	EndGlobalSection
EndGlobal
